{
  "name": "bill_text",
  "version": "1.0.0",
  "lockfileVersion": 3,
  "requires": true,
  "packages": {
    "": {
      "name": "bill_text",
      "version": "1.0.0",
      "license": "ISC",
      "dependencies": {
        "@semi-bot/semi-theme-bill_text": "^1.0.0"
      }
    },
    "node_modules/@semi-bot/semi-theme-bill_text": {
      "version": "1.0.0",
      "resolved": "https://registry.npmjs.org/@semi-bot/semi-theme-bill_text/-/semi-theme-bill_text-1.0.0.tgz",
      "integrity": "sha512-TyMLLzhxXZr4YwME2TJfB0PrY+VOwYfjy8gsb+Z5EHCxqya0q+hdnyYIBS1Ly8zRNl8Szerz4RnFEmjvFwV8gQ==",
      "license": "MIT"
    }
  }
}
